
Microsoft Visual Studio Solution File, Format Version 12.00
# Visual Studio Version 17
VisualStudioVersion = 17.2.32602.215
MinimumVisualStudioVersion = 10.0.40219.1
Project("{FAE04EC0-301F-11D3-BF4B-00C04F79EFBC}") = "H2AfleveringsProjekt", "H2AfleveringsProjekt\H2AfleveringsProjekt.csproj", "{2DD718C6-79CA-4179-86D2-52845EEC2651}"
EndProject
Project("{FAE04EC0-301F-11D3-BF4B-00C04F79EFBC}") = "H2AfleveringsProjekt.Test", "H2AfleveringsProjekt.Test\H2AfleveringsProjekt.Test.csproj", "{81128701-A505-441B-BAAF-47DF2AEC9E9D}"
EndProject
Global
	GlobalSection(SolutionConfigurationPlatforms) = preSolution
		Debug|Any CPU = Debug|Any CPU
		Release|Any CPU = Release|Any CPU
	EndGlobalSection
	GlobalSection(ProjectConfigurationPlatforms) = postSolution
		{2DD718C6-79CA-4179-86D2-52845EEC2651}.Debug|Any CPU.ActiveCfg = Debug|Any CPU
		{2DD718C6-79CA-4179-86D2-52845EEC2651}.Debug|Any CPU.Build.0 = Debug|Any CPU
		{2DD718C6-79CA-4179-86D2-52845EEC2651}.Release|Any CPU.ActiveCfg = Release|Any CPU
		{2DD718C6-79CA-4179-86D2-52845EEC2651}.Release|Any CPU.Build.0 = Release|Any CPU
		{81128701-A505-441B-BAAF-47DF2AEC9E9D}.Debug|Any CPU.ActiveCfg = Debug|Any CPU
		{81128701-A505-441B-BAAF-47DF2AEC9E9D}.Debug|Any CPU.Build.0 = Debug|Any CPU
		{81128701-A505-441B-BAAF-47DF2AEC9E9D}.Release|Any CPU.ActiveCfg = Release|Any CPU
		{81128701-A505-441B-BAAF-47DF2AEC9E9D}.Release|Any CPU.Build.0 = Release|Any CPU
	EndGlobalSection
	GlobalSection(SolutionProperties) = preSolution
		HideSolutionNode = FALSE
	EndGlobalSection
	GlobalSection(ExtensibilityGlobals) = postSolution
		SolutionGuid = {0F2066EB-9C18-466D-BD70-072CDA558BE5}
	EndGlobalSection
EndGlobal
